
Microsoft Visual Studio Solution File, Format Version 12.00
# Visual Studio Version 16
VisualStudioVersion = 16.0.29806.167
MinimumVisualStudioVersion = 10.0.40219.1
Project("{9A19103F-16F7-4668-BE54-9A1E7A4F7556}") = "MFilesAPI.Extensions", "MFilesAPI.Extensions\MFilesAPI.Extensions.csproj", "{8B7B067F-7158-42F7-8FA7-13A92314C62E}"
EndProject
Project("{9A19103F-16F7-4668-BE54-9A1E7A4F7556}") = "MFilesAPI.Extensions.Tests", "MFilesAPI.Extensions.Tests\MFilesAPI.Extensions.Tests.csproj", "{6D92348A-FD54-4461-8B75-D6B7016871CE}"
EndProject
Project("{2150E333-8FDC-42A3-9474-1A3956D46DE8}") = "Documentation", "Documentation", "{5CAEF62E-0446-4676-B3AE-45B8B9618339}"
	ProjectSection(SolutionItems) = preProject
		BRANCHING.md = BRANCHING.md
		CODE_OF_CONDUCT.md = CODE_OF_CONDUCT.md
		CONTRIBUTING.md = CONTRIBUTING.md
		LICENSE.md = LICENSE.md
		Readme.md = Readme.md
	EndProjectSection
EndProject
Project("{2150E333-8FDC-42A3-9474-1A3956D46DE8}") = "Actions", "Actions", "{469E00BE-F232-49D2-807D-EAF60C073DD0}"
	ProjectSection(SolutionItems) = preProject
		.github\workflows\dotnet-core.yml = .github\workflows\dotnet-core.yml
	EndProjectSection
EndProject
Project("{9A19103F-16F7-4668-BE54-9A1E7A4F7556}") = "MFilesAPI.Fakes", "MFilesAPI.Fakes\MFilesAPI.Fakes.csproj", "{036F2190-2D5D-479A-8587-CAE870AF6DFC}"
EndProject
Project("{9A19103F-16F7-4668-BE54-9A1E7A4F7556}") = "MFilesAPI.Fakes.Tests", "MFilesAPI.Fakes.Tests\MFilesAPI.Fakes.Tests.csproj", "{8229F5D6-DEC5-4F6B-8A79-B229B984D1EC}"
EndProject
Project("{FAE04EC0-301F-11D3-BF4B-00C04F79EFBC}") = "MFilesAPI.Fakes.Serialization", "MFilesAPI.Fakes.Serialization\MFilesAPI.Fakes.Serialization.csproj", "{53E53DDD-9749-4A1F-B3E7-5752169E3492}"
EndProject
Project("{FAE04EC0-301F-11D3-BF4B-00C04F79EFBC}") = "MFilesAPI.Fakes.Serialization.Tests", "MFilesAPI.Fakes.Serialization.Tests\MFilesAPI.Fakes.Serialization.Tests.csproj", "{8BF52EDA-DA5C-42D1-8A50-D4047ED1E13D}"
EndProject
Global
	GlobalSection(SolutionConfigurationPlatforms) = preSolution
		Debug|Any CPU = Debug|Any CPU
		Release|Any CPU = Release|Any CPU
	EndGlobalSection
	GlobalSection(ProjectConfigurationPlatforms) = postSolution
		{8B7B067F-7158-42F7-8FA7-13A92314C62E}.Debug|Any CPU.ActiveCfg = Debug|Any CPU
		{8B7B067F-7158-42F7-8FA7-13A92314C62E}.Debug|Any CPU.Build.0 = Debug|Any CPU
		{8B7B067F-7158-42F7-8FA7-13A92314C62E}.Release|Any CPU.ActiveCfg = Release|Any CPU
		{8B7B067F-7158-42F7-8FA7-13A92314C62E}.Release|Any CPU.Build.0 = Release|Any CPU
		{6D92348A-FD54-4461-8B75-D6B7016871CE}.Debug|Any CPU.ActiveCfg = Debug|Any CPU
		{6D92348A-FD54-4461-8B75-D6B7016871CE}.Debug|Any CPU.Build.0 = Debug|Any CPU
		{6D92348A-FD54-4461-8B75-D6B7016871CE}.Release|Any CPU.ActiveCfg = Release|Any CPU
		{6D92348A-FD54-4461-8B75-D6B7016871CE}.Release|Any CPU.Build.0 = Release|Any CPU
		{036F2190-2D5D-479A-8587-CAE870AF6DFC}.Debug|Any CPU.ActiveCfg = Debug|Any CPU
		{036F2190-2D5D-479A-8587-CAE870AF6DFC}.Debug|Any CPU.Build.0 = Debug|Any CPU
		{036F2190-2D5D-479A-8587-CAE870AF6DFC}.Release|Any CPU.ActiveCfg = Release|Any CPU
		{036F2190-2D5D-479A-8587-CAE870AF6DFC}.Release|Any CPU.Build.0 = Release|Any CPU
		{8229F5D6-DEC5-4F6B-8A79-B229B984D1EC}.Debug|Any CPU.ActiveCfg = Debug|Any CPU
		{8229F5D6-DEC5-4F6B-8A79-B229B984D1EC}.Debug|Any CPU.Build.0 = Debug|Any CPU
		{8229F5D6-DEC5-4F6B-8A79-B229B984D1EC}.Release|Any CPU.ActiveCfg = Release|Any CPU
		{8229F5D6-DEC5-4F6B-8A79-B229B984D1EC}.Release|Any CPU.Build.0 = Release|Any CPU
		{53E53DDD-9749-4A1F-B3E7-5752169E3492}.Debug|Any CPU.ActiveCfg = Debug|Any CPU
		{53E53DDD-9749-4A1F-B3E7-5752169E3492}.Debug|Any CPU.Build.0 = Debug|Any CPU
		{53E53DDD-9749-4A1F-B3E7-5752169E3492}.Release|Any CPU.ActiveCfg = Release|Any CPU
		{53E53DDD-9749-4A1F-B3E7-5752169E3492}.Release|Any CPU.Build.0 = Release|Any CPU
		{8BF52EDA-DA5C-42D1-8A50-D4047ED1E13D}.Debug|Any CPU.ActiveCfg = Debug|Any CPU
		{8BF52EDA-DA5C-42D1-8A50-D4047ED1E13D}.Debug|Any CPU.Build.0 = Debug|Any CPU
		{8BF52EDA-DA5C-42D1-8A50-D4047ED1E13D}.Release|Any CPU.ActiveCfg = Release|Any CPU
		{8BF52EDA-DA5C-42D1-8A50-D4047ED1E13D}.Release|Any CPU.Build.0 = Release|Any CPU
	EndGlobalSection
	GlobalSection(SolutionProperties) = preSolution
		HideSolutionNode = FALSE
	EndGlobalSection
	GlobalSection(ExtensibilityGlobals) = postSolution
		SolutionGuid = {9CEACA06-8845-4C3A-9F8B-42D311D50BD9}
	EndGlobalSection
EndGlobal
